
Microsoft Visual Studio Solution File, Format Version 12.00
# Visual Studio Version 17
VisualStudioVersion = 17.14.36310.24
MinimumVisualStudioVersion = 10.0.40219.1
Project("{FAE04EC0-301F-11D3-BF4B-00C04F79EFBC}") = "med", "med.csproj", "{482B82D9-C7C7-4E9A-A963-CFB1A166F763}"
EndProject
Global
	GlobalSection(SolutionConfigurationPlatforms) = preSolution
		Debug|Any CPU = Debug|Any CPU
		Release|Any CPU = Release|Any CPU
	EndGlobalSection
	GlobalSection(ProjectConfigurationPlatforms) = postSolution
		{482B82D9-C7C7-4E9A-A963-CFB1A166F763}.Debug|Any CPU.ActiveCfg = Debug|Any CPU
		{482B82D9-C7C7-4E9A-A963-CFB1A166F763}.Debug|Any CPU.Build.0 = Debug|Any CPU
		{482B82D9-C7C7-4E9A-A963-CFB1A166F763}.Release|Any CPU.ActiveCfg = Release|Any CPU
		{482B82D9-C7C7-4E9A-A963-CFB1A166F763}.Release|Any CPU.Build.0 = Release|Any CPU
	EndGlobalSection
	GlobalSection(SolutionProperties) = preSolution
		HideSolutionNode = FALSE
	EndGlobalSection
	GlobalSection(ExtensibilityGlobals) = postSolution
		SolutionGuid = {4548B0C7-7685-4A61-829C-D822A559EE1D}
	EndGlobalSection
EndGlobal
